// !$*UTF8*$!
{
	archiveVersion = 1;
	classes = {
	};
	objectVersion = 51;
	objects = {

/* Begin PBXBuildFile section */
		8C36850625ED1AB50095227B /* AppDelegate.swift in Sources */ = {isa = PBXBuildFile; fileRef = 8C36850525ED1AB50095227B /* AppDelegate.swift */; };
		8C36850825ED1AB50095227B /* SceneDelegate.swift in Sources */ = {isa = PBXBuildFile; fileRef = 8C36850725ED1AB50095227B /* SceneDelegate.swift */; };
		8C36850D25ED1AB50095227B /* Main.storyboard in Resources */ = {isa = PBXBuildFile; fileRef = 8C36850B25ED1AB50095227B /* Main.storyboard */; };
		8C36850F25ED1AB60095227B /* Assets.xcassets in Resources */ = {isa = PBXBuildFile; fileRef = 8C36850E25ED1AB60095227B /* Assets.xcassets */; };
		8C36851225ED1AB60095227B /* LaunchScreen.storyboard in Resources */ = {isa = PBXBuildFile; fileRef = 8C36851025ED1AB60095227B /* LaunchScreen.storyboard */; };
		8C36851D25ED1AB70095227B /* MailLinkDemoTests.swift in Sources */ = {isa = PBXBuildFile; fileRef = 8C36851C25ED1AB70095227B /* MailLinkDemoTests.swift */; };
		8C36852825ED1AB70095227B /* MailLinkDemoUITests.swift in Sources */ = {isa = PBXBuildFile; fileRef = 8C36852725ED1AB70095227B /* MailLinkDemoUITests.swift */; };
		8C36853F25ED1B630095227B /* SendEmailViewController.swift in Sources */ = {isa = PBXBuildFile; fileRef = 8C36853E25ED1B630095227B /* SendEmailViewController.swift */; };
		8C36854725ED1C4E0095227B /* DidSignInViewController.swift in Sources */ = {isa = PBXBuildFile; fileRef = 8C36854625ED1C4E0095227B /* DidSignInViewController.swift */; };
		8C3685B325EE1D740095227B /* GoogleService-Info.plist in Resources */ = {isa = PBXBuildFile; fileRef = 8C3685B225EE1D740095227B /* GoogleService-Info.plist */; };
		8C3685BF25EF2E2A0095227B /* Setup.swift in Sources */ = {isa = PBXBuildFile; fileRef = 8C3685BE25EF2E2A0095227B /* Setup.swift */; };
		D3AD1CEF8E2C317EAF665BE4 /* Pods_MailLinkDemo_MailLinkDemoUITests.framework in Frameworks */ = {isa = PBXBuildFile; fileRef = ED0AA37C5BBE8D5265494D48 /* Pods_MailLinkDemo_MailLinkDemoUITests.framework */; };
		DA8924B3401DA4133C7EC84F /* Pods_MailLinkDemo.framework in Frameworks */ = {isa = PBXBuildFile; fileRef = E21A9CFDC3FA268A19E23101 /* Pods_MailLinkDemo.framework */; };
		E7779C181D402A1FA914F195 /* Pods_MailLinkDemoTests.framework in Frameworks */ = {isa = PBXBuildFile; fileRef = 1F823E712E2F545A68B7911B /* Pods_MailLinkDemoTests.framework */; };
/* End PBXBuildFile section */

/* Begin PBXContainerItemProxy section */
		8C36851925ED1AB70095227B /* PBXContainerItemProxy */ = {
			isa = PBXContainerItemProxy;
			containerPortal = 8C3684FA25ED1AB50095227B /* Project object */;
			proxyType = 1;
			remoteGlobalIDString = 8C36850125ED1AB50095227B;
			remoteInfo = MailLinkAuthDemo;
		};
		8C36852425ED1AB70095227B /* PBXContainerItemProxy */ = {
			isa = PBXContainerItemProxy;
			containerPortal = 8C3684FA25ED1AB50095227B /* Project object */;
			proxyType = 1;
			remoteGlobalIDString = 8C36850125ED1AB50095227B;
			remoteInfo = MailLinkAuthDemo;
		};
/* End PBXContainerItemProxy section */

/* Begin PBXFileReference section */
		10D7B74856E2833A10B8EC6F /* Pods-MailLinkDemo.release.xcconfig */ = {isa = PBXFileReference; includeInIndex = 1; lastKnownFileType = text.xcconfig; name = "Pods-MailLinkDemo.release.xcconfig"; path = "Target Support Files/Pods-MailLinkDemo/Pods-MailLinkDemo.release.xcconfig"; sourceTree = "<group>"; };
		1F823E712E2F545A68B7911B /* Pods_MailLinkDemoTests.framework */ = {isa = PBXFileReference; explicitFileType = wrapper.framework; includeInIndex = 0; path = Pods_MailLinkDemoTests.framework; sourceTree = BUILT_PRODUCTS_DIR; };
		8C36850225ED1AB50095227B /* MailLinkDemo.app */ = {isa = PBXFileReference; explicitFileType = wrapper.application; includeInIndex = 0; path = MailLinkDemo.app; sourceTree = BUILT_PRODUCTS_DIR; };
		8C36850525ED1AB50095227B /* AppDelegate.swift */ = {isa = PBXFileReference; lastKnownFileType = sourcecode.swift; path = AppDelegate.swift; sourceTree = "<group>"; };
		8C36850725ED1AB50095227B /* SceneDelegate.swift */ = {isa = PBXFileReference; lastKnownFileType = sourcecode.swift; path = SceneDelegate.swift; sourceTree = "<group>"; };
		8C36850C25ED1AB50095227B /* Base */ = {isa = PBXFileReference; lastKnownFileType = file.storyboard; name = Base; path = Base.lproj/Main.storyboard; sourceTree = "<group>"; };
		8C36850E25ED1AB60095227B /* Assets.xcassets */ = {isa = PBXFileReference; lastKnownFileType = folder.assetcatalog; path = Assets.xcassets; sourceTree = "<group>"; };
		8C36851125ED1AB60095227B /* Base */ = {isa = PBXFileReference; lastKnownFileType = file.storyboard; name = Base; path = Base.lproj/LaunchScreen.storyboard; sourceTree = "<group>"; };
		8C36851325ED1AB60095227B /* Info.plist */ = {isa = PBXFileReference; lastKnownFileType = text.plist.xml; path = Info.plist; sourceTree = "<group>"; };
		8C36851825ED1AB70095227B /* MailLinkDemoTests.xctest */ = {isa = PBXFileReference; explicitFileType = wrapper.cfbundle; includeInIndex = 0; path = MailLinkDemoTests.xctest; sourceTree = BUILT_PRODUCTS_DIR; };
		8C36851C25ED1AB70095227B /* MailLinkDemoTests.swift */ = {isa = PBXFileReference; lastKnownFileType = sourcecode.swift; path = MailLinkDemoTests.swift; sourceTree = "<group>"; };
		8C36851E25ED1AB70095227B /* Info.plist */ = {isa = PBXFileReference; lastKnownFileType = text.plist.xml; path = Info.plist; sourceTree = "<group>"; };
		8C36852325ED1AB70095227B /* MailLinkDemoUITests.xctest */ = {isa = PBXFileReference; explicitFileType = wrapper.cfbundle; includeInIndex = 0; path = MailLinkDemoUITests.xctest; sourceTree = BUILT_PRODUCTS_DIR; };
		8C36852725ED1AB70095227B /* MailLinkDemoUITests.swift */ = {isa = PBXFileReference; lastKnownFileType = sourcecode.swift; path = MailLinkDemoUITests.swift; sourceTree = "<group>"; };
		8C36852925ED1AB70095227B /* Info.plist */ = {isa = PBXFileReference; lastKnownFileType = text.plist.xml; path = Info.plist; sourceTree = "<group>"; };
		8C36853E25ED1B630095227B /* SendEmailViewController.swift */ = {isa = PBXFileReference; lastKnownFileType = sourcecode.swift; path = SendEmailViewController.swift; sourceTree = "<group>"; };
		8C36854625ED1C4E0095227B /* DidSignInViewController.swift */ = {isa = PBXFileReference; lastKnownFileType = sourcecode.swift; path = DidSignInViewController.swift; sourceTree = "<group>"; };
		8C3685B225EE1D740095227B /* GoogleService-Info.plist */ = {isa = PBXFileReference; fileEncoding = 4; lastKnownFileType = text.plist.xml; path = "GoogleService-Info.plist"; sourceTree = "<group>"; };
		8C3685BA25EE3D4D0095227B /* MailLinkDemo.entitlements */ = {isa = PBXFileReference; lastKnownFileType = text.plist.entitlements; path = MailLinkDemo.entitlements; sourceTree = "<group>"; };
		8C3685BE25EF2E2A0095227B /* Setup.swift */ = {isa = PBXFileReference; lastKnownFileType = sourcecode.swift; path = Setup.swift; sourceTree = "<group>"; };
		998524E7EE1B656E7E03EA7B /* Pods-MailLinkDemo-MailLinkDemoUITests.debug.xcconfig */ = {isa = PBXFileReference; includeInIndex = 1; lastKnownFileType = text.xcconfig; name = "Pods-MailLinkDemo-MailLinkDemoUITests.debug.xcconfig"; path = "Target Support Files/Pods-MailLinkDemo-MailLinkDemoUITests/Pods-MailLinkDemo-MailLinkDemoUITests.debug.xcconfig"; sourceTree = "<group>"; };
		A018E53B38D33327D5736215 /* Pods-MailLinkDemo-MailLinkDemoUITests.release.xcconfig */ = {isa = PBXFileReference; includeInIndex = 1; lastKnownFileType = text.xcconfig; name = "Pods-MailLinkDemo-MailLinkDemoUITests.release.xcconfig"; path = "Target Support Files/Pods-MailLinkDemo-MailLinkDemoUITests/Pods-MailLinkDemo-MailLinkDemoUITests.release.xcconfig"; sourceTree = "<group>"; };
		D7A6D2A58ABBDAB865DCD7E3 /* Pods-MailLinkDemoTests.debug.xcconfig */ = {isa = PBXFileReference; includeInIndex = 1; lastKnownFileType = text.xcconfig; name = "Pods-MailLinkDemoTests.debug.xcconfig"; path = "Target Support Files/Pods-MailLinkDemoTests/Pods-MailLinkDemoTests.debug.xcconfig"; sourceTree = "<group>"; };
		D7CFB20F4C4452755AF708BF /* Pods-MailLinkDemo.debug.xcconfig */ = {isa = PBXFileReference; includeInIndex = 1; lastKnownFileType = text.xcconfig; name = "Pods-MailLinkDemo.debug.xcconfig"; path = "Target Support Files/Pods-MailLinkDemo/Pods-MailLinkDemo.debug.xcconfig"; sourceTree = "<group>"; };
		E21A9CFDC3FA268A19E23101 /* Pods_MailLinkDemo.framework */ = {isa = PBXFileReference; explicitFileType = wrapper.framework; includeInIndex = 0; path = Pods_MailLinkDemo.framework; sourceTree = BUILT_PRODUCTS_DIR; };
		E3E7A7BF7EF6985A31B9B929 /* Pods-MailLinkDemoTests.release.xcconfig */ = {isa = PBXFileReference; includeInIndex = 1; lastKnownFileType = text.xcconfig; name = "Pods-MailLinkDemoTests.release.xcconfig"; path = "Target Support Files/Pods-MailLinkDemoTests/Pods-MailLinkDemoTests.release.xcconfig"; sourceTree = "<group>"; };
		ED0AA37C5BBE8D5265494D48 /* Pods_MailLinkDemo_MailLinkDemoUITests.framework */ = {isa = PBXFileReference; explicitFileType = wrapper.framework; includeInIndex = 0; path = Pods_MailLinkDemo_MailLinkDemoUITests.framework; sourceTree = BUILT_PRODUCTS_DIR; };
/* End PBXFileReference section */

/* Begin PBXFrameworksBuildPhase section */
		8C3684FF25ED1AB50095227B /* Frameworks */ = {
			isa = PBXFrameworksBuildPhase;
			buildActionMask = 2147483647;
			files = (
				DA8924B3401DA4133C7EC84F /* Pods_MailLinkDemo.framework in Frameworks */,
			);
			runOnlyForDeploymentPostprocessing = 0;
		};
		8C36851525ED1AB70095227B /* Frameworks */ = {
			isa = PBXFrameworksBuildPhase;
			buildActionMask = 2147483647;
			files = (
				E7779C181D402A1FA914F195 /* Pods_MailLinkDemoTests.framework in Frameworks */,
			);
			runOnlyForDeploymentPostprocessing = 0;
		};
		8C36852025ED1AB70095227B /* Frameworks */ = {
			isa = PBXFrameworksBuildPhase;
			buildActionMask = 2147483647;
			files = (
				D3AD1CEF8E2C317EAF665BE4 /* Pods_MailLinkDemo_MailLinkDemoUITests.framework in Frameworks */,
			);
			runOnlyForDeploymentPostprocessing = 0;
		};
/* End PBXFrameworksBuildPhase section */

/* Begin PBXGroup section */
		0A828BD44A82BB3952118C52 /* Frameworks */ = {
			isa = PBXGroup;
			children = (
				E21A9CFDC3FA268A19E23101 /* Pods_MailLinkDemo.framework */,
				ED0AA37C5BBE8D5265494D48 /* Pods_MailLinkDemo_MailLinkDemoUITests.framework */,
				1F823E712E2F545A68B7911B /* Pods_MailLinkDemoTests.framework */,
			);
			name = Frameworks;
			sourceTree = "<group>";
		};
		8C3684F925ED1AB50095227B = {
			isa = PBXGroup;
			children = (
				8C36850425ED1AB50095227B /* MailLinkDemo */,
				8C36851B25ED1AB70095227B /* MailLinkDemoTests */,
				8C36852625ED1AB70095227B /* MailLinkDemoUITests */,
				8C36850325ED1AB50095227B /* Products */,
				AE0AFCA881F3255BBFE30112 /* Pods */,
				0A828BD44A82BB3952118C52 /* Frameworks */,
			);
			sourceTree = "<group>";
		};
		8C36850325ED1AB50095227B /* Products */ = {
			isa = PBXGroup;
			children = (
				8C36850225ED1AB50095227B /* MailLinkDemo.app */,
				8C36851825ED1AB70095227B /* MailLinkDemoTests.xctest */,
				8C36852325ED1AB70095227B /* MailLinkDemoUITests.xctest */,
			);
			name = Products;
			sourceTree = "<group>";
		};
		8C36850425ED1AB50095227B /* MailLinkDemo */ = {
			isa = PBXGroup;
			children = (
				8C3685BA25EE3D4D0095227B /* MailLinkDemo.entitlements */,
				8C36850525ED1AB50095227B /* AppDelegate.swift */,
				8C36850725ED1AB50095227B /* SceneDelegate.swift */,
				8C36853E25ED1B630095227B /* SendEmailViewController.swift */,
				8C36854625ED1C4E0095227B /* DidSignInViewController.swift */,
				8C36850B25ED1AB50095227B /* Main.storyboard */,
				8C3685BE25EF2E2A0095227B /* Setup.swift */,
				8C36850E25ED1AB60095227B /* Assets.xcassets */,
				8C36851025ED1AB60095227B /* LaunchScreen.storyboard */,
				8C36851325ED1AB60095227B /* Info.plist */,
				8C3685B225EE1D740095227B /* GoogleService-Info.plist */,
			);
			path = MailLinkDemo;
			sourceTree = "<group>";
		};
		8C36851B25ED1AB70095227B /* MailLinkDemoTests */ = {
			isa = PBXGroup;
			children = (
				8C36851C25ED1AB70095227B /* MailLinkDemoTests.swift */,
				8C36851E25ED1AB70095227B /* Info.plist */,
			);
			path = MailLinkDemoTests;
			sourceTree = "<group>";
		};
		8C36852625ED1AB70095227B /* MailLinkDemoUITests */ = {
			isa = PBXGroup;
			children = (
				8C36852725ED1AB70095227B /* MailLinkDemoUITests.swift */,
				8C36852925ED1AB70095227B /* Info.plist */,
			);
			path = MailLinkDemoUITests;
			sourceTree = "<group>";
		};
		AE0AFCA881F3255BBFE30112 /* Pods */ = {
			isa = PBXGroup;
			children = (
				D7CFB20F4C4452755AF708BF /* Pods-MailLinkDemo.debug.xcconfig */,
				10D7B74856E2833A10B8EC6F /* Pods-MailLinkDemo.release.xcconfig */,
				998524E7EE1B656E7E03EA7B /* Pods-MailLinkDemo-MailLinkDemoUITests.debug.xcconfig */,
				A018E53B38D33327D5736215 /* Pods-MailLinkDemo-MailLinkDemoUITests.release.xcconfig */,
				D7A6D2A58ABBDAB865DCD7E3 /* Pods-MailLinkDemoTests.debug.xcconfig */,
				E3E7A7BF7EF6985A31B9B929 /* Pods-MailLinkDemoTests.release.xcconfig */,
			);
			path = Pods;
			sourceTree = "<group>";
		};
/* End PBXGroup section */

/* Begin PBXNativeTarget section */
		8C36850125ED1AB50095227B /* MailLinkDemo */ = {
			isa = PBXNativeTarget;
			buildConfigurationList = 8C36852C25ED1AB70095227B /* Build configuration list for PBXNativeTarget "MailLinkDemo" */;
			buildPhases = (
				9B27AB1BD7195903FC921129 /* [CP] Check Pods Manifest.lock */,
				8C3684FE25ED1AB50095227B /* Sources */,
				8C3684FF25ED1AB50095227B /* Frameworks */,
				8C36850025ED1AB50095227B /* Resources */,
				7A0D7C44C0AB37D68372521A /* [CP] Embed Pods Frameworks */,
			);
			buildRules = (
			);
			dependencies = (
			);
			name = MailLinkDemo;
			productName = MailLinkAuthDemo;
			productReference = 8C36850225ED1AB50095227B /* MailLinkDemo.app */;
			productType = "com.apple.product-type.application";
		};
		8C36851725ED1AB70095227B /* MailLinkDemoTests */ = {
			isa = PBXNativeTarget;
			buildConfigurationList = 8C36852F25ED1AB70095227B /* Build configuration list for PBXNativeTarget "MailLinkDemoTests" */;
			buildPhases = (
				335E5EC68582A7CC048AB57E /* [CP] Check Pods Manifest.lock */,
				8C36851425ED1AB70095227B /* Sources */,
				8C36851525ED1AB70095227B /* Frameworks */,
				8C36851625ED1AB70095227B /* Resources */,
			);
			buildRules = (
			);
			dependencies = (
				8C36851A25ED1AB70095227B /* PBXTargetDependency */,
			);
			name = MailLinkDemoTests;
			productName = MailLinkAuthDemoTests;
			productReference = 8C36851825ED1AB70095227B /* MailLinkDemoTests.xctest */;
			productType = "com.apple.product-type.bundle.unit-test";
		};
		8C36852225ED1AB70095227B /* MailLinkDemoUITests */ = {
			isa = PBXNativeTarget;
			buildConfigurationList = 8C36853225ED1AB70095227B /* Build configuration list for PBXNativeTarget "MailLinkDemoUITests" */;
			buildPhases = (
				7E6E4A754E0CA6FC2ED8EC3D /* [CP] Check Pods Manifest.lock */,
				8C36851F25ED1AB70095227B /* Sources */,
				8C36852025ED1AB70095227B /* Frameworks */,
				8C36852125ED1AB70095227B /* Resources */,
				2DB24CDDE2E4762AB6916696 /* [CP] Embed Pods Frameworks */,
			);
			buildRules = (
			);
			dependencies = (
				8C36852525ED1AB70095227B /* PBXTargetDependency */,
			);
			name = MailLinkDemoUITests;
			productName = MailLinkAuthDemoUITests;
			productReference = 8C36852325ED1AB70095227B /* MailLinkDemoUITests.xctest */;
			productType = "com.apple.product-type.bundle.ui-testing";
		};
/* End PBXNativeTarget section */

/* Begin PBXProject section */
		8C3684FA25ED1AB50095227B /* Project object */ = {
			isa = PBXProject;
			attributes = {
				LastSwiftUpdateCheck = 1240;
				LastUpgradeCheck = 1240;
				TargetAttributes = {
					8C36850125ED1AB50095227B = {
						CreatedOnToolsVersion = 12.4;
					};
					8C36851725ED1AB70095227B = {
						CreatedOnToolsVersion = 12.4;
						TestTargetID = 8C36850125ED1AB50095227B;
					};
					8C36852225ED1AB70095227B = {
						CreatedOnToolsVersion = 12.4;
						TestTargetID = 8C36850125ED1AB50095227B;
					};
				};
			};
			buildConfigurationList = 8C3684FD25ED1AB50095227B /* Build configuration list for PBXProject "MailLinkDemo" */;
			compatibilityVersion = "Xcode 9.3";
			developmentRegion = en;
			hasScannedForEncodings = 0;
			knownRegions = (
				en,
				Base,
			);
			mainGroup = 8C3684F925ED1AB50095227B;
			productRefGroup = 8C36850325ED1AB50095227B /* Products */;
			projectDirPath = "";
			projectRoot = "";
			targets = (
				8C36850125ED1AB50095227B /* MailLinkDemo */,
				8C36851725ED1AB70095227B /* MailLinkDemoTests */,
				8C36852225ED1AB70095227B /* MailLinkDemoUITests */,
			);
		};
/* End PBXProject section */

/* Begin PBXResourcesBuildPhase section */
		8C36850025ED1AB50095227B /* Resources */ = {
			isa = PBXResourcesBuildPhase;
			buildActionMask = 2147483647;
			files = (
				8C36851225ED1AB60095227B /* LaunchScreen.storyboard in Resources */,
				8C3685B325EE1D740095227B /* GoogleService-Info.plist in Resources */,
				8C36850F25ED1AB60095227B /* Assets.xcassets in Resources */,
				8C36850D25ED1AB50095227B /* Main.storyboard in Resources */,
			);
			runOnlyForDeploymentPostprocessing = 0;
		};
		8C36851625ED1AB70095227B /* Resources */ = {
			isa = PBXResourcesBuildPhase;
			buildActionMask = 2147483647;
			files = (
			);
			runOnlyForDeploymentPostprocessing = 0;
		};
		8C36852125ED1AB70095227B /* Resources */ = {
			isa = PBXResourcesBuildPhase;
			buildActionMask = 2147483647;
			files = (
			);
			runOnlyForDeploymentPostprocessing = 0;
		};
/* End PBXResourcesBuildPhase section */

/* Begin PBXShellScriptBuildPhase section */
		2DB24CDDE2E4762AB6916696 /* [CP] Embed Pods Frameworks */ = {
			isa = PBXShellScriptBuildPhase;
			buildActionMask = 2147483647;
			files = (
			);
			inputFileListPaths = (
				"${PODS_ROOT}/Target Support Files/Pods-MailLinkDemo-MailLinkDemoUITests/Pods-MailLinkDemo-MailLinkDemoUITests-frameworks-${CONFIGURATION}-input-files.xcfilelist",
			);
			name = "[CP] Embed Pods Frameworks";
			outputFileListPaths = (
				"${PODS_ROOT}/Target Support Files/Pods-MailLinkDemo-MailLinkDemoUITests/Pods-MailLinkDemo-MailLinkDemoUITests-frameworks-${CONFIGURATION}-output-files.xcfilelist",
			);
			runOnlyForDeploymentPostprocessing = 0;
			shellPath = /bin/sh;
			shellScript = "\"${PODS_ROOT}/Target Support Files/Pods-MailLinkDemo-MailLinkDemoUITests/Pods-MailLinkDemo-MailLinkDemoUITests-frameworks.sh\"\n";
			showEnvVarsInLog = 0;
		};
		335E5EC68582A7CC048AB57E /* [CP] Check Pods Manifest.lock */ = {
			isa = PBXShellScriptBuildPhase;
			buildActionMask = 2147483647;
			files = (
			);
			inputFileListPaths = (
			);
			inputPaths = (
				"${PODS_PODFILE_DIR_PATH}/Podfile.lock",
				"${PODS_ROOT}/Manifest.lock",
			);
			name = "[CP] Check Pods Manifest.lock";
			outputFileListPaths = (
			);
			outputPaths = (
				"$(DERIVED_FILE_DIR)/Pods-MailLinkDemoTests-checkManifestLockResult.txt",
			);
			runOnlyForDeploymentPostprocessing = 0;
			shellPath = /bin/sh;
			shellScript = "diff \"${PODS_PODFILE_DIR_PATH}/Podfile.lock\" \"${PODS_ROOT}/Manifest.lock\" > /dev/null\nif [ $? != 0 ] ; then\n    # print error to STDERR\n    echo \"error: The sandbox is not in sync with the Podfile.lock. Run 'pod install' or update your CocoaPods installation.\" >&2\n    exit 1\nfi\n# This output is used by Xcode 'outputs' to avoid re-running this script phase.\necho \"SUCCESS\" > \"${SCRIPT_OUTPUT_FILE_0}\"\n";
			showEnvVarsInLog = 0;
		};
		7A0D7C44C0AB37D68372521A /* [CP] Embed Pods Frameworks */ = {
			isa = PBXShellScriptBuildPhase;
			buildActionMask = 2147483647;
			files = (
			);
			inputFileListPaths = (
				"${PODS_ROOT}/Target Support Files/Pods-MailLinkDemo/Pods-MailLinkDemo-frameworks-${CONFIGURATION}-input-files.xcfilelist",
			);
			name = "[CP] Embed Pods Frameworks";
			outputFileListPaths = (
				"${PODS_ROOT}/Target Support Files/Pods-MailLinkDemo/Pods-MailLinkDemo-frameworks-${CONFIGURATION}-output-files.xcfilelist",
			);
			runOnlyForDeploymentPostprocessing = 0;
			shellPath = /bin/sh;
			shellScript = "\"${PODS_ROOT}/Target Support Files/Pods-MailLinkDemo/Pods-MailLinkDemo-frameworks.sh\"\n";
			showEnvVarsInLog = 0;
		};
		7E6E4A754E0CA6FC2ED8EC3D /* [CP] Check Pods Manifest.lock */ = {
			isa = PBXShellScriptBuildPhase;
			buildActionMask = 2147483647;
			files = (
			);
			inputFileListPaths = (
			);
			inputPaths = (
				"${PODS_PODFILE_DIR_PATH}/Podfile.lock",
				"${PODS_ROOT}/Manifest.lock",
			);
			name = "[CP] Check Pods Manifest.lock";
			outputFileListPaths = (
			);
			outputPaths = (
				"$(DERIVED_FILE_DIR)/Pods-MailLinkDemo-MailLinkDemoUITests-checkManifestLockResult.txt",
			);
			runOnlyForDeploymentPostprocessing = 0;
			shellPath = /bin/sh;
			shellScript = "diff \"${PODS_PODFILE_DIR_PATH}/Podfile.lock\" \"${PODS_ROOT}/Manifest.lock\" > /dev/null\nif [ $? != 0 ] ; then\n    # print error to STDERR\n    echo \"error: The sandbox is not in sync with the Podfile.lock. Run 'pod install' or update your CocoaPods installation.\" >&2\n    exit 1\nfi\n# This output is used by Xcode 'outputs' to avoid re-running this script phase.\necho \"SUCCESS\" > \"${SCRIPT_OUTPUT_FILE_0}\"\n";
			showEnvVarsInLog = 0;
		};
		9B27AB1BD7195903FC921129 /* [CP] Check Pods Manifest.lock */ = {
			isa = PBXShellScriptBuildPhase;
			buildActionMask = 2147483647;
			files = (
			);
			inputFileListPaths = (
			);
			inputPaths = (
				"${PODS_PODFILE_DIR_PATH}/Podfile.lock",
				"${PODS_ROOT}/Manifest.lock",
			);
			name = "[CP] Check Pods Manifest.lock";
			outputFileListPaths = (
			);
			outputPaths = (
				"$(DERIVED_FILE_DIR)/Pods-MailLinkDemo-checkManifestLockResult.txt",
			);
			runOnlyForDeploymentPostprocessing = 0;
			shellPath = /bin/sh;
			shellScript = "diff \"${PODS_PODFILE_DIR_PATH}/Podfile.lock\" \"${PODS_ROOT}/Manifest.lock\" > /dev/null\nif [ $? != 0 ] ; then\n    # print error to STDERR\n    echo \"error: The sandbox is not in sync with the Podfile.lock. Run 'pod install' or update your CocoaPods installation.\" >&2\n    exit 1\nfi\n# This output is used by Xcode 'outputs' to avoid re-running this script phase.\necho \"SUCCESS\" > \"${SCRIPT_OUTPUT_FILE_0}\"\n";
			showEnvVarsInLog = 0;
		};
/* End PBXShellScriptBuildPhase section */

/* Begin PBXSourcesBuildPhase section */
		8C3684FE25ED1AB50095227B /* Sources */ = {
			isa = PBXSourcesBuildPhase;
			buildActionMask = 2147483647;
			files = (
				8C36854725ED1C4E0095227B /* DidSignInViewController.swift in Sources */,
				8C36853F25ED1B630095227B /* SendEmailViewController.swift in Sources */,
				8C36850625ED1AB50095227B /* AppDelegate.swift in Sources */,
				8C3685BF25EF2E2A0095227B /* Setup.swift in Sources */,
				8C36850825ED1AB50095227B /* SceneDelegate.swift in Sources */,
			);
			runOnlyForDeploymentPostprocessing = 0;
		};
		8C36851425ED1AB70095227B /* Sources */ = {
			isa = PBXSourcesBuildPhase;
			buildActionMask = 2147483647;
			files = (
				8C36851D25ED1AB70095227B /* MailLinkDemoTests.swift in Sources */,
			);
			runOnlyForDeploymentPostprocessing = 0;
		};
		8C36851F25ED1AB70095227B /* Sources */ = {
			isa = PBXSourcesBuildPhase;
			buildActionMask = 2147483647;
			files = (
				8C36852825ED1AB70095227B /* MailLinkDemoUITests.swift in Sources */,
			);
			runOnlyForDeploymentPostprocessing = 0;
		};
/* End PBXSourcesBuildPhase section */

/* Begin PBXTargetDependency section */
		8C36851A25ED1AB70095227B /* PBXTargetDependency */ = {
			isa = PBXTargetDependency;
			target = 8C36850125ED1AB50095227B /* MailLinkDemo */;
			targetProxy = 8C36851925ED1AB70095227B /* PBXContainerItemProxy */;
		};
		8C36852525ED1AB70095227B /* PBXTargetDependency */ = {
			isa = PBXTargetDependency;
			target = 8C36850125ED1AB50095227B /* MailLinkDemo */;
			targetProxy = 8C36852425ED1AB70095227B /* PBXContainerItemProxy */;
		};
/* End PBXTargetDependency section */

/* Begin PBXVariantGroup section */
		8C36850B25ED1AB50095227B /* Main.storyboard */ = {
			isa = PBXVariantGroup;
			children = (
				8C36850C25ED1AB50095227B /* Base */,
			);
			name = Main.storyboard;
			sourceTree = "<group>";
		};
		8C36851025ED1AB60095227B /* LaunchScreen.storyboard */ = {
			isa = PBXVariantGroup;
			children = (
				8C36851125ED1AB60095227B /* Base */,
			);
			name = LaunchScreen.storyboard;
			sourceTree = "<group>";
		};
/* End PBXVariantGroup section */

/* Begin XCBuildConfiguration section */
		8C36852A25ED1AB70095227B /* Debug */ = {
			isa = XCBuildConfiguration;
			buildSettings = {
				ALWAYS_SEARCH_USER_PATHS = NO;
				CLANG_ANALYZER_NONNULL = YES;
				CLANG_ANALYZER_NUMBER_OBJECT_CONVERSION = YES_AGGRESSIVE;
				CLANG_CXX_LANGUAGE_STANDARD = "gnu++14";
				CLANG_CXX_LIBRARY = "libc++";
				CLANG_ENABLE_MODULES = YES;
				CLANG_ENABLE_OBJC_ARC = YES;
				CLANG_ENABLE_OBJC_WEAK = YES;
				CLANG_WARN_BLOCK_CAPTURE_AUTORELEASING = YES;
				CLANG_WARN_BOOL_CONVERSION = YES;
				CLANG_WARN_COMMA = YES;
				CLANG_WARN_CONSTANT_CONVERSION = YES;
				CLANG_WARN_DEPRECATED_OBJC_IMPLEMENTATIONS = YES;
				CLANG_WARN_DIRECT_OBJC_ISA_USAGE = YES_ERROR;
				CLANG_WARN_DOCUMENTATION_COMMENTS = YES;
				CLANG_WARN_EMPTY_BODY = YES;
				CLANG_WARN_ENUM_CONVERSION = YES;
				CLANG_WARN_INFINITE_RECURSION = YES;
				CLANG_WARN_INT_CONVERSION = YES;
				CLANG_WARN_NON_LITERAL_NULL_CONVERSION = YES;
				CLANG_WARN_OBJC_IMPLICIT_RETAIN_SELF = YES;
				CLANG_WARN_OBJC_LITERAL_CONVERSION = YES;
				CLANG_WARN_OBJC_ROOT_CLASS = YES_ERROR;
				CLANG_WARN_QUOTED_INCLUDE_IN_FRAMEWORK_HEADER = YES;
				CLANG_WARN_RANGE_LOOP_ANALYSIS = YES;
				CLANG_WARN_STRICT_PROTOTYPES = YES;
				CLANG_WARN_SUSPICIOUS_MOVE = YES;
				CLANG_WARN_UNGUARDED_AVAILABILITY = YES_AGGRESSIVE;
				CLANG_WARN_UNREACHABLE_CODE = YES;
				CLANG_WARN__DUPLICATE_METHOD_MATCH = YES;
				COPY_PHASE_STRIP = NO;
				DEBUG_INFORMATION_FORMAT = dwarf;
				ENABLE_STRICT_OBJC_MSGSEND = YES;
				ENABLE_TESTABILITY = YES;
				GCC_C_LANGUAGE_STANDARD = gnu11;
				GCC_DYNAMIC_NO_PIC = NO;
				GCC_NO_COMMON_BLOCKS = YES;
				GCC_OPTIMIZATION_LEVEL = 0;
				GCC_PREPROCESSOR_DEFINITIONS = (
					"DEBUG=1",
					"$(inherited)",
				);
				GCC_WARN_64_TO_32_BIT_CONVERSION = YES;
				GCC_WARN_ABOUT_RETURN_TYPE = YES_ERROR;
				GCC_WARN_UNDECLARED_SELECTOR = YES;
				GCC_WARN_UNINITIALIZED_AUTOS = YES_AGGRESSIVE;
				GCC_WARN_UNUSED_FUNCTION = YES;
				GCC_WARN_UNUSED_VARIABLE = YES;
				IPHONEOS_DEPLOYMENT_TARGET = 13.0;
				MTL_ENABLE_DEBUG_INFO = INCLUDE_SOURCE;
				MTL_FAST_MATH = YES;
				ONLY_ACTIVE_ARCH = YES;
				SDKROOT = iphoneos;
				SWIFT_ACTIVE_COMPILATION_CONDITIONS = DEBUG;
				SWIFT_OPTIMIZATION_LEVEL = "-Onone";
			};
			name = Debug;
		};
		8C36852B25ED1AB70095227B /* Release */ = {
			isa = XCBuildConfiguration;
			buildSettings = {
				ALWAYS_SEARCH_USER_PATHS = NO;
				CLANG_ANALYZER_NONNULL = YES;
				CLANG_ANALYZER_NUMBER_OBJECT_CONVERSION = YES_AGGRESSIVE;
				CLANG_CXX_LANGUAGE_STANDARD = "gnu++14";
				CLANG_CXX_LIBRARY = "libc++";
				CLANG_ENABLE_MODULES = YES;
				CLANG_ENABLE_OBJC_ARC = YES;
				CLANG_ENABLE_OBJC_WEAK = YES;
				CLANG_WARN_BLOCK_CAPTURE_AUTORELEASING = YES;
				CLANG_WARN_BOOL_CONVERSION = YES;
				CLANG_WARN_COMMA = YES;
				CLANG_WARN_CONSTANT_CONVERSION = YES;
				CLANG_WARN_DEPRECATED_OBJC_IMPLEMENTATIONS = YES;
				CLANG_WARN_DIRECT_OBJC_ISA_USAGE = YES_ERROR;
				CLANG_WARN_DOCUMENTATION_COMMENTS = YES;
				CLANG_WARN_EMPTY_BODY = YES;
				CLANG_WARN_ENUM_CONVERSION = YES;
				CLANG_WARN_INFINITE_RECURSION = YES;
				CLANG_WARN_INT_CONVERSION = YES;
				CLANG_WARN_NON_LITERAL_NULL_CONVERSION = YES;
				CLANG_WARN_OBJC_IMPLICIT_RETAIN_SELF = YES;
				CLANG_WARN_OBJC_LITERAL_CONVERSION = YES;
				CLANG_WARN_OBJC_ROOT_CLASS = YES_ERROR;
				CLANG_WARN_QUOTED_INCLUDE_IN_FRAMEWORK_HEADER = YES;
				CLANG_WARN_RANGE_LOOP_ANALYSIS = YES;
				CLANG_WARN_STRICT_PROTOTYPES = YES;
				CLANG_WARN_SUSPICIOUS_MOVE = YES;
				CLANG_WARN_UNGUARDED_AVAILABILITY = YES_AGGRESSIVE;
				CLANG_WARN_UNREACHABLE_CODE = YES;
				CLANG_WARN__DUPLICATE_METHOD_MATCH = YES;
				COPY_PHASE_STRIP = NO;
				DEBUG_INFORMATION_FORMAT = "dwarf-with-dsym";
				ENABLE_NS_ASSERTIONS = NO;
				ENABLE_STRICT_OBJC_MSGSEND = YES;
				GCC_C_LANGUAGE_STANDARD = gnu11;
				GCC_NO_COMMON_BLOCKS = YES;
				GCC_WARN_64_TO_32_BIT_CONVERSION = YES;
				GCC_WARN_ABOUT_RETURN_TYPE = YES_ERROR;
				GCC_WARN_UNDECLARED_SELECTOR = YES;
				GCC_WARN_UNINITIALIZED_AUTOS = YES_AGGRESSIVE;
				GCC_WARN_UNUSED_FUNCTION = YES;
				GCC_WARN_UNUSED_VARIABLE = YES;
				IPHONEOS_DEPLOYMENT_TARGET = 13.0;
				MTL_ENABLE_DEBUG_INFO = NO;
				MTL_FAST_MATH = YES;
				SDKROOT = iphoneos;
				SWIFT_COMPILATION_MODE = wholemodule;
				SWIFT_OPTIMIZATION_LEVEL = "-O";
				VALIDATE_PRODUCT = YES;
			};
			name = Release;
		};
		8C36852D25ED1AB70095227B /* Debug */ = {
			isa = XCBuildConfiguration;
			baseConfigurationReference = D7CFB20F4C4452755AF708BF /* Pods-MailLinkDemo.debug.xcconfig */;
			buildSettings = {
				ASSETCATALOG_COMPILER_APPICON_NAME = AppIcon;
				ASSETCATALOG_COMPILER_GLOBAL_ACCENT_COLOR_NAME = AccentColor;
				CODE_SIGN_ENTITLEMENTS = MailLinkDemo/MailLinkDemo.entitlements;
				CODE_SIGN_STYLE = Automatic;
				DEVELOPMENT_TEAM = MGJDRSSSYP;
				INFOPLIST_FILE = MailLinkDemo/Info.plist;
				LD_RUNPATH_SEARCH_PATHS = (
					"$(inherited)",
					"@executable_path/Frameworks",
				);
				PRODUCT_BUNDLE_IDENTIFIER = com.masatotakamura.MailLinkDemo;
				PRODUCT_NAME = "$(TARGET_NAME)";
				SWIFT_VERSION = 5.0;
				TARGETED_DEVICE_FAMILY = 1;
			};
			name = Debug;
		};
		8C36852E25ED1AB70095227B /* Release */ = {
			isa = XCBuildConfiguration;
			baseConfigurationReference = 10D7B74856E2833A10B8EC6F /* Pods-MailLinkDemo.release.xcconfig */;
			buildSettings = {
				ASSETCATALOG_COMPILER_APPICON_NAME = AppIcon;
				ASSETCATALOG_COMPILER_GLOBAL_ACCENT_COLOR_NAME = AccentColor;
				CODE_SIGN_ENTITLEMENTS = MailLinkDemo/MailLinkDemo.entitlements;
				CODE_SIGN_STYLE = Automatic;
				DEVELOPMENT_TEAM = MGJDRSSSYP;
				INFOPLIST_FILE = MailLinkDemo/Info.plist;
				LD_RUNPATH_SEARCH_PATHS = (
					"$(inherited)",
					"@executable_path/Frameworks",
				);
				PRODUCT_BUNDLE_IDENTIFIER = com.masatotakamura.MailLinkDemo;
				PRODUCT_NAME = "$(TARGET_NAME)";
				SWIFT_VERSION = 5.0;
				TARGETED_DEVICE_FAMILY = 1;
			};
			name = Release;
		};
		8C36853025ED1AB70095227B /* Debug */ = {
			isa = XCBuildConfiguration;
			baseConfigurationReference = D7A6D2A58ABBDAB865DCD7E3 /* Pods-MailLinkDemoTests.debug.xcconfig */;
			buildSettings = {
				ALWAYS_EMBED_SWIFT_STANDARD_LIBRARIES = YES;
				BUNDLE_LOADER = "$(TEST_HOST)";
				CODE_SIGN_STYLE = Automatic;
				DEVELOPMENT_TEAM = MGJDRSSSYP;
				INFOPLIST_FILE = MailLinkAuthDemoTests/Info.plist;
				IPHONEOS_DEPLOYMENT_TARGET = 14.4;
				LD_RUNPATH_SEARCH_PATHS = (
					"$(inherited)",
					"@executable_path/Frameworks",
					"@loader_path/Frameworks",
				);
				PRODUCT_BUNDLE_IDENTIFIER = com.masatotakamura.MailLinkDemoTests;
				PRODUCT_NAME = "$(TARGET_NAME)";
				SWIFT_VERSION = 5.0;
				TARGETED_DEVICE_FAMILY = "1,2";
				TEST_HOST = "$(BUILT_PRODUCTS_DIR)/MailLinkDemo.app/MailLinkDemo";
			};
			name = Debug;
		};
		8C36853125ED1AB70095227B /* Release */ = {
			isa = XCBuildConfiguration;
			baseConfigurationReference = E3E7A7BF7EF6985A31B9B929 /* Pods-MailLinkDemoTests.release.xcconfig */;
			buildSettings = {
				ALWAYS_EMBED_SWIFT_STANDARD_LIBRARIES = YES;
				BUNDLE_LOADER = "$(TEST_HOST)";
				CODE_SIGN_STYLE = Automatic;
				DEVELOPMENT_TEAM = MGJDRSSSYP;
				INFOPLIST_FILE = MailLinkAuthDemoTests/Info.plist;
				IPHONEOS_DEPLOYMENT_TARGET = 14.4;
				LD_RUNPATH_SEARCH_PATHS = (
					"$(inherited)",
					"@executable_path/Frameworks",
					"@loader_path/Frameworks",
				);
				PRODUCT_BUNDLE_IDENTIFIER = com.masatotakamura.MailLinkDemoTests;
				PRODUCT_NAME = "$(TARGET_NAME)";
				SWIFT_VERSION = 5.0;
				TARGETED_DEVICE_FAMILY = "1,2";
				TEST_HOST = "$(BUILT_PRODUCTS_DIR)/MailLinkDemo.app/MailLinkDemo";
			};
			name = Release;
		};
		8C36853325ED1AB70095227B /* Debug */ = {
			isa = XCBuildConfiguration;
			baseConfigurationReference = 998524E7EE1B656E7E03EA7B /* Pods-MailLinkDemo-MailLinkDemoUITests.debug.xcconfig */;
			buildSettings = {
				ALWAYS_EMBED_SWIFT_STANDARD_LIBRARIES = YES;
				CODE_SIGN_STYLE = Automatic;
				DEVELOPMENT_TEAM = MGJDRSSSYP;
				INFOPLIST_FILE = MailLinkAuthDemoUITests/Info.plist;
				LD_RUNPATH_SEARCH_PATHS = (
					"$(inherited)",
					"@executable_path/Frameworks",
					"@loader_path/Frameworks",
				);
				PRODUCT_BUNDLE_IDENTIFIER = com.masatotakamura.MailLinkDemoUITests;
				PRODUCT_NAME = "$(TARGET_NAME)";
				SWIFT_VERSION = 5.0;
				TARGETED_DEVICE_FAMILY = "1,2";
				TEST_TARGET_NAME = MailLinkAuthDemo;
			};
			name = Debug;
		};
		8C36853425ED1AB70095227B /* Release */ = {
			isa = XCBuildConfiguration;
			baseConfigurationReference = A018E53B38D33327D5736215 /* Pods-MailLinkDemo-MailLinkDemoUITests.release.xcconfig */;
			buildSettings = {
				ALWAYS_EMBED_SWIFT_STANDARD_LIBRARIES = YES;
				CODE_SIGN_STYLE = Automatic;
				DEVELOPMENT_TEAM = MGJDRSSSYP;
				INFOPLIST_FILE = MailLinkAuthDemoUITests/Info.plist;
				LD_RUNPATH_SEARCH_PATHS = (
					"$(inherited)",
					"@executable_path/Frameworks",
					"@loader_path/Frameworks",
				);
				PRODUCT_BUNDLE_IDENTIFIER = com.masatotakamura.MailLinkDemoUITests;
				PRODUCT_NAME = "$(TARGET_NAME)";
				SWIFT_VERSION = 5.0;
				TARGETED_DEVICE_FAMILY = "1,2";
				TEST_TARGET_NAME = MailLinkAuthDemo;
			};
			name = Release;
		};
/* End XCBuildConfiguration section */

/* Begin XCConfigurationList section */
		8C3684FD25ED1AB50095227B /* Build configuration list for PBXProject "MailLinkDemo" */ = {
			isa = XCConfigurationList;
			buildConfigurations = (
				8C36852A25ED1AB70095227B /* Debug */,
				8C36852B25ED1AB70095227B /* Release */,
			);
			defaultConfigurationIsVisible = 0;
			defaultConfigurationName = Release;
		};
		8C36852C25ED1AB70095227B /* Build configuration list for PBXNativeTarget "MailLinkDemo" */ = {
			isa = XCConfigurationList;
			buildConfigurations = (
				8C36852D25ED1AB70095227B /* Debug */,
				8C36852E25ED1AB70095227B /* Release */,
			);
			defaultConfigurationIsVisible = 0;
			defaultConfigurationName = Release;
		};
		8C36852F25ED1AB70095227B /* Build configuration list for PBXNativeTarget "MailLinkDemoTests" */ = {
			isa = XCConfigurationList;
			buildConfigurations = (
				8C36853025ED1AB70095227B /* Debug */,
				8C36853125ED1AB70095227B /* Release */,
			);
			defaultConfigurationIsVisible = 0;
			defaultConfigurationName = Release;
		};
		8C36853225ED1AB70095227B /* Build configuration list for PBXNativeTarget "MailLinkDemoUITests" */ = {
			isa = XCConfigurationList;
			buildConfigurations = (
				8C36853325ED1AB70095227B /* Debug */,
				8C36853425ED1AB70095227B /* Release */,
			);
			defaultConfigurationIsVisible = 0;
			defaultConfigurationName = Release;
		};
/* End XCConfigurationList section */
	};
	rootObject = 8C3684FA25ED1AB50095227B /* Project object */;
}
